Microsoft Visual Studio Solution File, Format Version 12.00
# Visual Studio Version 17
VisualStudioVersion = 17.5.2.0
MinimumVisualStudioVersion = 10.0.40219.1
Project("{FAE04EC0-301F-11D3-BF4B-00C04F79EFBC}") = "FemTech", "FemTech.csproj", "{8519A688-C788-598D-7BAA-EA571057E2C0}"
EndProject
Global
	GlobalSection(SolutionConfigurationPlatforms) = preSolution
		Debug|Any CPU = Debug|Any CPU
		Release|Any CPU = Release|Any CPU
	EndGlobalSection
	GlobalSection(ProjectConfigurationPlatforms) = postSolution
		{8519A688-C788-598D-7BAA-EA571057E2C0}.Debug|Any CPU.ActiveCfg = Debug|Any CPU
		{8519A688-C788-598D-7BAA-EA571057E2C0}.Debug|Any CPU.Build.0 = Debug|Any CPU
		{8519A688-C788-598D-7BAA-EA571057E2C0}.Release|Any CPU.ActiveCfg = Release|Any CPU
		{8519A688-C788-598D-7BAA-EA571057E2C0}.Release|Any CPU.Build.0 = Release|Any CPU
	EndGlobalSection
	GlobalSection(SolutionProperties) = preSolution
		HideSolutionNode = FALSE
	EndGlobalSection
	GlobalSection(ExtensibilityGlobals) = postSolution
		SolutionGuid = {1714E135-CAB8-41F9-9F99-6CC1EC4A78BC}
	EndGlobalSection
EndGlobal
